
Microsoft Visual Studio Solution File, Format Version 12.00
# Visual Studio Version 17
VisualStudioVersion = 17.3.32825.248
MinimumVisualStudioVersion = 10.0.40219.1
Project("{FAE04EC0-301F-11D3-BF4B-00C04F79EFBC}") = "HomeWork3_Task1", "HomeWork3_Task1\HomeWork3_Task1.csproj", "{1A594488-9D28-49B5-87BB-C65B17CA20E1}"
EndProject
Global
	GlobalSection(SolutionConfigurationPlatforms) = preSolution
		Debug|Any CPU = Debug|Any CPU
		Release|Any CPU = Release|Any CPU
	EndGlobalSection
	GlobalSection(ProjectConfigurationPlatforms) = postSolution
		{1A594488-9D28-49B5-87BB-C65B17CA20E1}.Debug|Any CPU.ActiveCfg = Debug|Any CPU
		{1A594488-9D28-49B5-87BB-C65B17CA20E1}.Debug|Any CPU.Build.0 = Debug|Any CPU
		{1A594488-9D28-49B5-87BB-C65B17CA20E1}.Release|Any CPU.ActiveCfg = Release|Any CPU
		{1A594488-9D28-49B5-87BB-C65B17CA20E1}.Release|Any CPU.Build.0 = Release|Any CPU
	EndGlobalSection
	GlobalSection(SolutionProperties) = preSolution
		HideSolutionNode = FALSE
	EndGlobalSection
	GlobalSection(ExtensibilityGlobals) = postSolution
		SolutionGuid = {82868ACE-7183-47F1-AA74-33E73A6A38AD}
	EndGlobalSection
EndGlobal
