
Microsoft Visual Studio Solution File, Format Version 12.00
# Visual Studio Version 17
VisualStudioVersion = 17.3.32825.248
MinimumVisualStudioVersion = 10.0.40219.1
Project("{FAE04EC0-301F-11D3-BF4B-00C04F79EFBC}") = "HomeWork5_Task1", "HomeWork5_Task1\HomeWork5_Task1.csproj", "{CBC9DF76-399B-4756-8B05-7A107402617B}"
EndProject
Global
	GlobalSection(SolutionConfigurationPlatforms) = preSolution
		Debug|Any CPU = Debug|Any CPU
		Release|Any CPU = Release|Any CPU
	EndGlobalSection
	GlobalSection(ProjectConfigurationPlatforms) = postSolution
		{CBC9DF76-399B-4756-8B05-7A107402617B}.Debug|Any CPU.ActiveCfg = Debug|Any CPU
		{CBC9DF76-399B-4756-8B05-7A107402617B}.Debug|Any CPU.Build.0 = Debug|Any CPU
		{CBC9DF76-399B-4756-8B05-7A107402617B}.Release|Any CPU.ActiveCfg = Release|Any CPU
		{CBC9DF76-399B-4756-8B05-7A107402617B}.Release|Any CPU.Build.0 = Release|Any CPU
	EndGlobalSection
	GlobalSection(SolutionProperties) = preSolution
		HideSolutionNode = FALSE
	EndGlobalSection
	GlobalSection(ExtensibilityGlobals) = postSolution
		SolutionGuid = {F55A80E2-D104-43C6-8464-57227EEECBE9}
	EndGlobalSection
EndGlobal
