
Microsoft Visual Studio Solution File, Format Version 12.00
# Visual Studio Version 17
VisualStudioVersion = 17.3.32825.248
MinimumVisualStudioVersion = 10.0.40219.1
Project("{9A19103F-16F7-4668-BE54-9A1E7A4F7556}") = "HomeWork16_Task1", "HomeWork16_Task1\HomeWork16_Task1.csproj", "{458498B8-FA4E-45ED-AD31-63C6E69E1578}"
EndProject
Project("{FAE04EC0-301F-11D3-BF4B-00C04F79EFBC}") = "TestCinema", "TestCinema\TestCinema.csproj", "{6338F7C6-34AA-419E-8CAB-76B1D6B85371}"
EndProject
Global
	GlobalSection(SolutionConfigurationPlatforms) = preSolution
		Debug|Any CPU = Debug|Any CPU
		Release|Any CPU = Release|Any CPU
	EndGlobalSection
	GlobalSection(ProjectConfigurationPlatforms) = postSolution
		{458498B8-FA4E-45ED-AD31-63C6E69E1578}.Debug|Any CPU.ActiveCfg = Debug|Any CPU
		{458498B8-FA4E-45ED-AD31-63C6E69E1578}.Debug|Any CPU.Build.0 = Debug|Any CPU
		{458498B8-FA4E-45ED-AD31-63C6E69E1578}.Release|Any CPU.ActiveCfg = Release|Any CPU
		{458498B8-FA4E-45ED-AD31-63C6E69E1578}.Release|Any CPU.Build.0 = Release|Any CPU
		{6338F7C6-34AA-419E-8CAB-76B1D6B85371}.Debug|Any CPU.ActiveCfg = Debug|Any CPU
		{6338F7C6-34AA-419E-8CAB-76B1D6B85371}.Debug|Any CPU.Build.0 = Debug|Any CPU
		{6338F7C6-34AA-419E-8CAB-76B1D6B85371}.Release|Any CPU.ActiveCfg = Release|Any CPU
		{6338F7C6-34AA-419E-8CAB-76B1D6B85371}.Release|Any CPU.Build.0 = Release|Any CPU
	EndGlobalSection
	GlobalSection(SolutionProperties) = preSolution
		HideSolutionNode = FALSE
	EndGlobalSection
	GlobalSection(ExtensibilityGlobals) = postSolution
		SolutionGuid = {2E8FEF0C-38A5-44BB-A792-476D29C03AA3}
	EndGlobalSection
EndGlobal
