
Microsoft Visual Studio Solution File, Format Version 12.00
# Visual Studio Version 17
VisualStudioVersion = 17.3.32825.248
MinimumVisualStudioVersion = 10.0.40219.1
Project("{FAE04EC0-301F-11D3-BF4B-00C04F79EFBC}") = "HomeWork6_Task1", "HomeWork6_Task1\HomeWork6_Task1.csproj", "{103EA919-42FA-4338-B754-F3D3986FD128}"
EndProject
Global
	GlobalSection(SolutionConfigurationPlatforms) = preSolution
		Debug|Any CPU = Debug|Any CPU
		Release|Any CPU = Release|Any CPU
	EndGlobalSection
	GlobalSection(ProjectConfigurationPlatforms) = postSolution
		{103EA919-42FA-4338-B754-F3D3986FD128}.Debug|Any CPU.ActiveCfg = Debug|Any CPU
		{103EA919-42FA-4338-B754-F3D3986FD128}.Debug|Any CPU.Build.0 = Debug|Any CPU
		{103EA919-42FA-4338-B754-F3D3986FD128}.Release|Any CPU.ActiveCfg = Release|Any CPU
		{103EA919-42FA-4338-B754-F3D3986FD128}.Release|Any CPU.Build.0 = Release|Any CPU
	EndGlobalSection
	GlobalSection(SolutionProperties) = preSolution
		HideSolutionNode = FALSE
	EndGlobalSection
	GlobalSection(ExtensibilityGlobals) = postSolution
		SolutionGuid = {948441D2-7C6A-477E-A668-20A8D3E99A0A}
	EndGlobalSection
EndGlobal
