
Microsoft Visual Studio Solution File, Format Version 12.00
# Visual Studio Version 17
VisualStudioVersion = 17.3.32825.248
MinimumVisualStudioVersion = 10.0.40219.1
Project("{FAE04EC0-301F-11D3-BF4B-00C04F79EFBC}") = "HomeWork8_Task1", "HomeWork8_Task1\HomeWork8_Task1.csproj", "{DD2D0C23-571C-4F05-8D4A-88BD54AF8660}"
EndProject
Global
	GlobalSection(SolutionConfigurationPlatforms) = preSolution
		Debug|Any CPU = Debug|Any CPU
		Release|Any CPU = Release|Any CPU
	EndGlobalSection
	GlobalSection(ProjectConfigurationPlatforms) = postSolution
		{DD2D0C23-571C-4F05-8D4A-88BD54AF8660}.Debug|Any CPU.ActiveCfg = Debug|Any CPU
		{DD2D0C23-571C-4F05-8D4A-88BD54AF8660}.Debug|Any CPU.Build.0 = Debug|Any CPU
		{DD2D0C23-571C-4F05-8D4A-88BD54AF8660}.Release|Any CPU.ActiveCfg = Release|Any CPU
		{DD2D0C23-571C-4F05-8D4A-88BD54AF8660}.Release|Any CPU.Build.0 = Release|Any CPU
	EndGlobalSection
	GlobalSection(SolutionProperties) = preSolution
		HideSolutionNode = FALSE
	EndGlobalSection
	GlobalSection(ExtensibilityGlobals) = postSolution
		SolutionGuid = {184F0717-5571-48E2-86ED-B1C63FAC1254}
	EndGlobalSection
EndGlobal
