
Microsoft Visual Studio Solution File, Format Version 12.00
# Visual Studio Version 17
VisualStudioVersion = 17.3.32825.248
MinimumVisualStudioVersion = 10.0.40219.1
Project("{FAE04EC0-301F-11D3-BF4B-00C04F79EFBC}") = "HomeWork9_Task2", "HomeWork9_Task2\HomeWork9_Task2.csproj", "{33CBFF25-8575-4115-AA12-EE070F83AC01}"
EndProject
Global
	GlobalSection(SolutionConfigurationPlatforms) = preSolution
		Debug|Any CPU = Debug|Any CPU
		Release|Any CPU = Release|Any CPU
	EndGlobalSection
	GlobalSection(ProjectConfigurationPlatforms) = postSolution
		{33CBFF25-8575-4115-AA12-EE070F83AC01}.Debug|Any CPU.ActiveCfg = Debug|Any CPU
		{33CBFF25-8575-4115-AA12-EE070F83AC01}.Debug|Any CPU.Build.0 = Debug|Any CPU
		{33CBFF25-8575-4115-AA12-EE070F83AC01}.Release|Any CPU.ActiveCfg = Release|Any CPU
		{33CBFF25-8575-4115-AA12-EE070F83AC01}.Release|Any CPU.Build.0 = Release|Any CPU
	EndGlobalSection
	GlobalSection(SolutionProperties) = preSolution
		HideSolutionNode = FALSE
	EndGlobalSection
	GlobalSection(ExtensibilityGlobals) = postSolution
		SolutionGuid = {64D29EEF-A2DF-4189-884C-7922206D5FCF}
	EndGlobalSection
EndGlobal
